
Microsoft Visual Studio Solution File, Format Version 12.00
# Visual Studio Version 17
VisualStudioVersion = 17.11.34909.67
MinimumVisualStudioVersion = 10.0.40219.1
Project("{9A19103F-16F7-4668-BE54-9A1E7A4F7556}") = "MarkelClaimsAPI", "MarkelClaimsAPI\MarkelClaimsAPI.csproj", "{547FA07C-2F81-4668-8423-9D194921925B}"
EndProject
Project("{9A19103F-16F7-4668-BE54-9A1E7A4F7556}") = "MarkelClaimsAPI.Tests", "MarkelClaimsAPI.Tests\MarkelClaimsAPI.Tests.csproj", "{A6AF9C97-83CF-4578-AB6B-A74EC45601E3}"
EndProject
Project("{9A19103F-16F7-4668-BE54-9A1E7A4F7556}") = "MarkelClaimsAPI.Infrastructure", "MarkelClaimsAPI.Infrastructure\MarkelClaimsAPI.Infrastructure.csproj", "{238591CD-AF15-4540-BC6A-D6B03D34413F}"
EndProject
Project("{FAE04EC0-301F-11D3-BF4B-00C04F79EFBC}") = "MarkelClaimsAPI.Services", "MarkelClaimsAPI.Services\MarkelClaimsAPI.Services.csproj", "{17DDB290-D25B-400C-A2B1-11DCE30690D8}"
EndProject
Global
	GlobalSection(SolutionConfigurationPlatforms) = preSolution
		Debug|Any CPU = Debug|Any CPU
		Release|Any CPU = Release|Any CPU
	EndGlobalSection
	GlobalSection(ProjectConfigurationPlatforms) = postSolution
		{547FA07C-2F81-4668-8423-9D194921925B}.Debug|Any CPU.ActiveCfg = Debug|Any CPU
		{547FA07C-2F81-4668-8423-9D194921925B}.Debug|Any CPU.Build.0 = Debug|Any CPU
		{547FA07C-2F81-4668-8423-9D194921925B}.Release|Any CPU.ActiveCfg = Release|Any CPU
		{547FA07C-2F81-4668-8423-9D194921925B}.Release|Any CPU.Build.0 = Release|Any CPU
		{A6AF9C97-83CF-4578-AB6B-A74EC45601E3}.Debug|Any CPU.ActiveCfg = Debug|Any CPU
		{A6AF9C97-83CF-4578-AB6B-A74EC45601E3}.Debug|Any CPU.Build.0 = Debug|Any CPU
		{A6AF9C97-83CF-4578-AB6B-A74EC45601E3}.Release|Any CPU.ActiveCfg = Release|Any CPU
		{A6AF9C97-83CF-4578-AB6B-A74EC45601E3}.Release|Any CPU.Build.0 = Release|Any CPU
		{238591CD-AF15-4540-BC6A-D6B03D34413F}.Debug|Any CPU.ActiveCfg = Debug|Any CPU
		{238591CD-AF15-4540-BC6A-D6B03D34413F}.Debug|Any CPU.Build.0 = Debug|Any CPU
		{238591CD-AF15-4540-BC6A-D6B03D34413F}.Release|Any CPU.ActiveCfg = Release|Any CPU
		{238591CD-AF15-4540-BC6A-D6B03D34413F}.Release|Any CPU.Build.0 = Release|Any CPU
		{17DDB290-D25B-400C-A2B1-11DCE30690D8}.Debug|Any CPU.ActiveCfg = Debug|Any CPU
		{17DDB290-D25B-400C-A2B1-11DCE30690D8}.Debug|Any CPU.Build.0 = Debug|Any CPU
		{17DDB290-D25B-400C-A2B1-11DCE30690D8}.Release|Any CPU.ActiveCfg = Release|Any CPU
		{17DDB290-D25B-400C-A2B1-11DCE30690D8}.Release|Any CPU.Build.0 = Release|Any CPU
	EndGlobalSection
	GlobalSection(SolutionProperties) = preSolution
		HideSolutionNode = FALSE
	EndGlobalSection
	GlobalSection(ExtensibilityGlobals) = postSolution
		SolutionGuid = {D727DE62-BEC8-4E7F-B7A7-67CA3C214676}
	EndGlobalSection
EndGlobal
